
Microsoft Visual Studio Solution File, Format Version 12.00
# Visual Studio Version 17
VisualStudioVersion = 17.7.34024.191
MinimumVisualStudioVersion = 10.0.40219.1
Project("{FAE04EC0-301F-11D3-BF4B-00C04F79EFBC}") = "LAB5_055", "LAB5_055\LAB5_055.csproj", "{3FE289B1-4EE9-49E4-B7DE-5855F3029187}"
EndProject
Global
	GlobalSection(SolutionConfigurationPlatforms) = preSolution
		Debug|Any CPU = Debug|Any CPU
		Release|Any CPU = Release|Any CPU
	EndGlobalSection
	GlobalSection(ProjectConfigurationPlatforms) = postSolution
		{3FE289B1-4EE9-49E4-B7DE-5855F3029187}.Debug|Any CPU.ActiveCfg = Debug|Any CPU
		{3FE289B1-4EE9-49E4-B7DE-5855F3029187}.Debug|Any CPU.Build.0 = Debug|Any CPU
		{3FE289B1-4EE9-49E4-B7DE-5855F3029187}.Release|Any CPU.ActiveCfg = Release|Any CPU
		{3FE289B1-4EE9-49E4-B7DE-5855F3029187}.Release|Any CPU.Build.0 = Release|Any CPU
	EndGlobalSection
	GlobalSection(SolutionProperties) = preSolution
		HideSolutionNode = FALSE
	EndGlobalSection
	GlobalSection(ExtensibilityGlobals) = postSolution
		SolutionGuid = {83670BB9-2554-4D32-98D8-77755C9C52BA}
	EndGlobalSection
EndGlobal
