
Microsoft Visual Studio Solution File, Format Version 12.00
# Visual Studio Version 17
VisualStudioVersion = 17.7.34024.191
MinimumVisualStudioVersion = 10.0.40219.1
Project("{FAE04EC0-301F-11D3-BF4B-00C04F79EFBC}") = "LAB-MID-055", "LAB-MID-055\LAB-MID-055.csproj", "{97EE4546-13C2-49AC-BA82-43AE50BB795B}"
EndProject
Global
	GlobalSection(SolutionConfigurationPlatforms) = preSolution
		Debug|Any CPU = Debug|Any CPU
		Release|Any CPU = Release|Any CPU
	EndGlobalSection
	GlobalSection(ProjectConfigurationPlatforms) = postSolution
		{97EE4546-13C2-49AC-BA82-43AE50BB795B}.Debug|Any CPU.ActiveCfg = Debug|Any CPU
		{97EE4546-13C2-49AC-BA82-43AE50BB795B}.Debug|Any CPU.Build.0 = Debug|Any CPU
		{97EE4546-13C2-49AC-BA82-43AE50BB795B}.Release|Any CPU.ActiveCfg = Release|Any CPU
		{97EE4546-13C2-49AC-BA82-43AE50BB795B}.Release|Any CPU.Build.0 = Release|Any CPU
	EndGlobalSection
	GlobalSection(SolutionProperties) = preSolution
		HideSolutionNode = FALSE
	EndGlobalSection
	GlobalSection(ExtensibilityGlobals) = postSolution
		SolutionGuid = {68D89AF1-B0F1-4E9F-A935-337EFDC8CE2D}
	EndGlobalSection
EndGlobal
